// !$*UTF8*$!
{
	archiveVersion = 1;
	classes = {
	};
	objectVersion = 50;
	objects = {

/* Begin PBXBuildFile section */
		6B4A63802484CD3100505F0D /* w2_p1.cpp in Sources */ = {isa = PBXBuildFile; fileRef = 6B4A637F2484CD3100505F0D /* w2_p1.cpp */; };
		6B4A63832484CDCE00505F0D /* TimedEvents.cpp in Sources */ = {isa = PBXBuildFile; fileRef = 6B4A63812484CDCE00505F0D /* TimedEvents.cpp */; };
		6B4A63862484DA0700505F0D /* RecordSet.cpp in Sources */ = {isa = PBXBuildFile; fileRef = 6B4A63842484DA0700505F0D /* RecordSet.cpp */; };
/* End PBXBuildFile section */

/* Begin PBXCopyFilesBuildPhase section */
		6B4A63732484CD1D00505F0D /* CopyFiles */ = {
			isa = PBXCopyFilesBuildPhase;
			buildActionMask = 2147483647;
			dstPath = /usr/share/man/man1/;
			dstSubfolderSpec = 0;
			files = (
			);
			runOnlyForDeploymentPostprocessing = 1;
		};
/* End PBXCopyFilesBuildPhase section */

/* Begin PBXFileReference section */
		6B4A63752484CD1D00505F0D /* ws2-part1 */ = {isa = PBXFileReference; explicitFileType = "compiled.mach-o.executable"; includeInIndex = 0; path = "ws2-part1"; sourceTree = BUILT_PRODUCTS_DIR; };
		6B4A637F2484CD3100505F0D /* w2_p1.cpp */ = {isa = PBXFileReference; fileEncoding = 4; lastKnownFileType = sourcecode.cpp.cpp; name = w2_p1.cpp; path = ../../w2_p1.cpp; sourceTree = "<group>"; };
		6B4A63812484CDCE00505F0D /* TimedEvents.cpp */ = {isa = PBXFileReference; lastKnownFileType = sourcecode.cpp.cpp; name = TimedEvents.cpp; path = ../../TimedEvents.cpp; sourceTree = "<group>"; };
		6B4A63822484CDCE00505F0D /* TimedEvents.h */ = {isa = PBXFileReference; lastKnownFileType = sourcecode.c.h; name = TimedEvents.h; path = ../../TimedEvents.h; sourceTree = "<group>"; };
		6B4A63842484DA0700505F0D /* RecordSet.cpp */ = {isa = PBXFileReference; lastKnownFileType = sourcecode.cpp.cpp; name = RecordSet.cpp; path = ../../RecordSet.cpp; sourceTree = "<group>"; };
		6B4A63852484DA0700505F0D /* RecordSet.h */ = {isa = PBXFileReference; lastKnownFileType = sourcecode.c.h; name = RecordSet.h; path = ../../RecordSet.h; sourceTree = "<group>"; };
/* End PBXFileReference section */

/* Begin PBXFrameworksBuildPhase section */
		6B4A63722484CD1D00505F0D /* Frameworks */ = {
			isa = PBXFrameworksBuildPhase;
			buildActionMask = 2147483647;
			files = (
			);
			runOnlyForDeploymentPostprocessing = 0;
		};
/* End PBXFrameworksBuildPhase section */

/* Begin PBXGroup section */
		6B4A636C2484CD1D00505F0D = {
			isa = PBXGroup;
			children = (
				6B4A63772484CD1D00505F0D /* ws2-part1 */,
				6B4A63762484CD1D00505F0D /* Products */,
			);
			sourceTree = "<group>";
		};
		6B4A63762484CD1D00505F0D /* Products */ = {
			isa = PBXGroup;
			children = (
				6B4A63752484CD1D00505F0D /* ws2-part1 */,
			);
			name = Products;
			sourceTree = "<group>";
		};
		6B4A63772484CD1D00505F0D /* ws2-part1 */ = {
			isa = PBXGroup;
			children = (
				6B4A637F2484CD3100505F0D /* w2_p1.cpp */,
				6B4A63812484CDCE00505F0D /* TimedEvents.cpp */,
				6B4A63822484CDCE00505F0D /* TimedEvents.h */,
				6B4A63842484DA0700505F0D /* RecordSet.cpp */,
				6B4A63852484DA0700505F0D /* RecordSet.h */,
			);
			path = "ws2-part1";
			sourceTree = "<group>";
		};
/* End PBXGroup section */

/* Begin PBXNativeTarget section */
		6B4A63742484CD1D00505F0D /* ws2-part1 */ = {
			isa = PBXNativeTarget;
			buildConfigurationList = 6B4A637C2484CD1D00505F0D /* Build configuration list for PBXNativeTarget "ws2-part1" */;
			buildPhases = (
				6B4A63712484CD1D00505F0D /* Sources */,
				6B4A63722484CD1D00505F0D /* Frameworks */,
				6B4A63732484CD1D00505F0D /* CopyFiles */,
			);
			buildRules = (
			);
			dependencies = (
			);
			name = "ws2-part1";
			productName = "ws2-part1";
			productReference = 6B4A63752484CD1D00505F0D /* ws2-part1 */;
			productType = "com.apple.product-type.tool";
		};
/* End PBXNativeTarget section */

/* Begin PBXProject section */
		6B4A636D2484CD1D00505F0D /* Project object */ = {
			isa = PBXProject;
			attributes = {
				LastUpgradeCheck = 1150;
				ORGANIZATIONNAME = "Pedro Do Carmo";
				TargetAttributes = {
					6B4A63742484CD1D00505F0D = {
						CreatedOnToolsVersion = 11.5;
					};
				};
			};
			buildConfigurationList = 6B4A63702484CD1D00505F0D /* Build configuration list for PBXProject "ws2-part1" */;
			compatibilityVersion = "Xcode 9.3";
			developmentRegion = en;
			hasScannedForEncodings = 0;
			knownRegions = (
				en,
				Base,
			);
			mainGroup = 6B4A636C2484CD1D00505F0D;
			productRefGroup = 6B4A63762484CD1D00505F0D /* Products */;
			projectDirPath = "";
			projectRoot = "";
			targets = (
				6B4A63742484CD1D00505F0D /* ws2-part1 */,
			);
		};
/* End PBXProject section */

/* Begin PBXSourcesBuildPhase section */
		6B4A63712484CD1D00505F0D /* Sources */ = {
			isa = PBXSourcesBuildPhase;
			buildActionMask = 2147483647;
			files = (
				6B4A63862484DA0700505F0D /* RecordSet.cpp in Sources */,
				6B4A63832484CDCE00505F0D /* TimedEvents.cpp in Sources */,
				6B4A63802484CD3100505F0D /* w2_p1.cpp in Sources */,
			);
			runOnlyForDeploymentPostprocessing = 0;
		};
/* End PBXSourcesBuildPhase section */

/* Begin XCBuildConfiguration section */
		6B4A637A2484CD1D00505F0D /* Debug */ = {
			isa = XCBuildConfiguration;
			buildSettings = {
				ALWAYS_SEARCH_USER_PATHS = NO;
				CLANG_ANALYZER_NONNULL = YES;
				CLANG_ANALYZER_NUMBER_OBJECT_CONVERSION = YES_AGGRESSIVE;
				CLANG_CXX_LANGUAGE_STANDARD = "gnu++14";
				CLANG_CXX_LIBRARY = "libc++";
				CLANG_ENABLE_MODULES = YES;
				CLANG_ENABLE_OBJC_ARC = YES;
				CLANG_ENABLE_OBJC_WEAK = YES;
				CLANG_WARN_BLOCK_CAPTURE_AUTORELEASING = YES;
				CLANG_WARN_BOOL_CONVERSION = YES;
				CLANG_WARN_COMMA = YES;
				CLANG_WARN_CONSTANT_CONVERSION = YES;
				CLANG_WARN_DEPRECATED_OBJC_IMPLEMENTATIONS = YES;
				CLANG_WARN_DIRECT_OBJC_ISA_USAGE = YES_ERROR;
				CLANG_WARN_DOCUMENTATION_COMMENTS = YES;
				CLANG_WARN_EMPTY_BODY = YES;
				CLANG_WARN_ENUM_CONVERSION = YES;
				CLANG_WARN_INFINITE_RECURSION = YES;
				CLANG_WARN_INT_CONVERSION = YES;
				CLANG_WARN_NON_LITERAL_NULL_CONVERSION = YES;
				CLANG_WARN_OBJC_IMPLICIT_RETAIN_SELF = YES;
				CLANG_WARN_OBJC_LITERAL_CONVERSION = YES;
				CLANG_WARN_OBJC_ROOT_CLASS = YES_ERROR;
				CLANG_WARN_RANGE_LOOP_ANALYSIS = YES;
				CLANG_WARN_STRICT_PROTOTYPES = YES;
				CLANG_WARN_SUSPICIOUS_MOVE = YES;
				CLANG_WARN_UNGUARDED_AVAILABILITY = YES_AGGRESSIVE;
				CLANG_WARN_UNREACHABLE_CODE = YES;
				CLANG_WARN__DUPLICATE_METHOD_MATCH = YES;
				COPY_PHASE_STRIP = NO;
				DEBUG_INFORMATION_FORMAT = dwarf;
				ENABLE_STRICT_OBJC_MSGSEND = YES;
				ENABLE_TESTABILITY = YES;
				GCC_C_LANGUAGE_STANDARD = gnu11;
				GCC_DYNAMIC_NO_PIC = NO;
				GCC_NO_COMMON_BLOCKS = YES;
				GCC_OPTIMIZATION_LEVEL = 0;
				GCC_PREPROCESSOR_DEFINITIONS = (
					"DEBUG=1",
					"$(inherited)",
				);
				GCC_WARN_64_TO_32_BIT_CONVERSION = YES;
				GCC_WARN_ABOUT_RETURN_TYPE = YES_ERROR;
				GCC_WARN_UNDECLARED_SELECTOR = YES;
				GCC_WARN_UNINITIALIZED_AUTOS = YES_AGGRESSIVE;
				GCC_WARN_UNUSED_FUNCTION = YES;
				GCC_WARN_UNUSED_VARIABLE = YES;
				MACOSX_DEPLOYMENT_TARGET = 10.15;
				MTL_ENABLE_DEBUG_INFO = INCLUDE_SOURCE;
				MTL_FAST_MATH = YES;
				ONLY_ACTIVE_ARCH = YES;
				SDKROOT = macosx;
			};
			name = Debug;
		};
		6B4A637B2484CD1D00505F0D /* Release */ = {
			isa = XCBuildConfiguration;
			buildSettings = {
				ALWAYS_SEARCH_USER_PATHS = NO;
				CLANG_ANALYZER_NONNULL = YES;
				CLANG_ANALYZER_NUMBER_OBJECT_CONVERSION = YES_AGGRESSIVE;
				CLANG_CXX_LANGUAGE_STANDARD = "gnu++14";
				CLANG_CXX_LIBRARY = "libc++";
				CLANG_ENABLE_MODULES = YES;
				CLANG_ENABLE_OBJC_ARC = YES;
				CLANG_ENABLE_OBJC_WEAK = YES;
				CLANG_WARN_BLOCK_CAPTURE_AUTORELEASING = YES;
				CLANG_WARN_BOOL_CONVERSION = YES;
				CLANG_WARN_COMMA = YES;
				CLANG_WARN_CONSTANT_CONVERSION = YES;
				CLANG_WARN_DEPRECATED_OBJC_IMPLEMENTATIONS = YES;
				CLANG_WARN_DIRECT_OBJC_ISA_USAGE = YES_ERROR;
				CLANG_WARN_DOCUMENTATION_COMMENTS = YES;
				CLANG_WARN_EMPTY_BODY = YES;
				CLANG_WARN_ENUM_CONVERSION = YES;
				CLANG_WARN_INFINITE_RECURSION = YES;
				CLANG_WARN_INT_CONVERSION = YES;
				CLANG_WARN_NON_LITERAL_NULL_CONVERSION = YES;
				CLANG_WARN_OBJC_IMPLICIT_RETAIN_SELF = YES;
				CLANG_WARN_OBJC_LITERAL_CONVERSION = YES;
				CLANG_WARN_OBJC_ROOT_CLASS = YES_ERROR;
				CLANG_WARN_RANGE_LOOP_ANALYSIS = YES;
				CLANG_WARN_STRICT_PROTOTYPES = YES;
				CLANG_WARN_SUSPICIOUS_MOVE = YES;
				CLANG_WARN_UNGUARDED_AVAILABILITY = YES_AGGRESSIVE;
				CLANG_WARN_UNREACHABLE_CODE = YES;
				CLANG_WARN__DUPLICATE_METHOD_MATCH = YES;
				COPY_PHASE_STRIP = NO;
				DEBUG_INFORMATION_FORMAT = "dwarf-with-dsym";
				ENABLE_NS_ASSERTIONS = NO;
				ENABLE_STRICT_OBJC_MSGSEND = YES;
				GCC_C_LANGUAGE_STANDARD = gnu11;
				GCC_NO_COMMON_BLOCKS = YES;
				GCC_WARN_64_TO_32_BIT_CONVERSION = YES;
				GCC_WARN_ABOUT_RETURN_TYPE = YES_ERROR;
				GCC_WARN_UNDECLARED_SELECTOR = YES;
				GCC_WARN_UNINITIALIZED_AUTOS = YES_AGGRESSIVE;
				GCC_WARN_UNUSED_FUNCTION = YES;
				GCC_WARN_UNUSED_VARIABLE = YES;
				MACOSX_DEPLOYMENT_TARGET = 10.15;
				MTL_ENABLE_DEBUG_INFO = NO;
				MTL_FAST_MATH = YES;
				SDKROOT = macosx;
			};
			name = Release;
		};
		6B4A637D2484CD1D00505F0D /* Debug */ = {
			isa = XCBuildConfiguration;
			buildSettings = {
				CODE_SIGN_STYLE = Automatic;
				PRODUCT_NAME = "$(TARGET_NAME)";
			};
			name = Debug;
		};
		6B4A637E2484CD1D00505F0D /* Release */ = {
			isa = XCBuildConfiguration;
			buildSettings = {
				CODE_SIGN_STYLE = Automatic;
				PRODUCT_NAME = "$(TARGET_NAME)";
			};
			name = Release;
		};
/* End XCBuildConfiguration section */

/* Begin XCConfigurationList section */
		6B4A63702484CD1D00505F0D /* Build configuration list for PBXProject "ws2-part1" */ = {
			isa = XCConfigurationList;
			buildConfigurations = (
				6B4A637A2484CD1D00505F0D /* Debug */,
				6B4A637B2484CD1D00505F0D /* Release */,
			);
			defaultConfigurationIsVisible = 0;
			defaultConfigurationName = Release;
		};
		6B4A637C2484CD1D00505F0D /* Build configuration list for PBXNativeTarget "ws2-part1" */ = {
			isa = XCConfigurationList;
			buildConfigurations = (
				6B4A637D2484CD1D00505F0D /* Debug */,
				6B4A637E2484CD1D00505F0D /* Release */,
			);
			defaultConfigurationIsVisible = 0;
			defaultConfigurationName = Release;
		};
/* End XCConfigurationList section */
	};
	rootObject = 6B4A636D2484CD1D00505F0D /* Project object */;
}
